
Microsoft Visual Studio Solution File, Format Version 12.00
# Visual Studio Version 17
VisualStudioVersion = 17.5.33414.496
MinimumVisualStudioVersion = 10.0.40219.1
Project("{FAE04EC0-301F-11D3-BF4B-00C04F79EFBC}") = "PennyPincher.Web", "PennyPincher.Web\PennyPincher.Web.csproj", "{72E676AF-CFA6-47D4-A979-D5F4C947346C}"
EndProject
Project("{FAE04EC0-301F-11D3-BF4B-00C04F79EFBC}") = "PennyPincher.Domain", "PennyPincher.Domain\PennyPincher.Domain.csproj", "{FA07F00F-7F68-42D3-8847-820C68B400D5}"
EndProject
Project("{FAE04EC0-301F-11D3-BF4B-00C04F79EFBC}") = "PennyPincher.Data", "PennyPincher.Data\PennyPincher.Data.csproj", "{9A39F4C1-647C-4AF3-87FE-0EC067C54722}"
EndProject
Project("{FAE04EC0-301F-11D3-BF4B-00C04F79EFBC}") = "PennyPincher.Services", "PennyPincher.Services\PennyPincher.Services.csproj", "{61C3BDDF-DED8-4D67-8450-FCC8F2345FF6}"
EndProject
Project("{FAE04EC0-301F-11D3-BF4B-00C04F79EFBC}") = "PennyPincher.Contracts", "PennyPincher.Contracts\PennyPincher.Contracts.csproj", "{D922FDFD-8712-4E22-AA8A-9C05E43737BC}"
EndProject
Global
	GlobalSection(SolutionConfigurationPlatforms) = preSolution
		Debug|Any CPU = Debug|Any CPU
		Release|Any CPU = Release|Any CPU
	EndGlobalSection
	GlobalSection(ProjectConfigurationPlatforms) = postSolution
		{72E676AF-CFA6-47D4-A979-D5F4C947346C}.Debug|Any CPU.ActiveCfg = Debug|Any CPU
		{72E676AF-CFA6-47D4-A979-D5F4C947346C}.Debug|Any CPU.Build.0 = Debug|Any CPU
		{72E676AF-CFA6-47D4-A979-D5F4C947346C}.Release|Any CPU.ActiveCfg = Release|Any CPU
		{72E676AF-CFA6-47D4-A979-D5F4C947346C}.Release|Any CPU.Build.0 = Release|Any CPU
		{FA07F00F-7F68-42D3-8847-820C68B400D5}.Debug|Any CPU.ActiveCfg = Debug|Any CPU
		{FA07F00F-7F68-42D3-8847-820C68B400D5}.Debug|Any CPU.Build.0 = Debug|Any CPU
		{FA07F00F-7F68-42D3-8847-820C68B400D5}.Release|Any CPU.ActiveCfg = Release|Any CPU
		{FA07F00F-7F68-42D3-8847-820C68B400D5}.Release|Any CPU.Build.0 = Release|Any CPU
		{9A39F4C1-647C-4AF3-87FE-0EC067C54722}.Debug|Any CPU.ActiveCfg = Debug|Any CPU
		{9A39F4C1-647C-4AF3-87FE-0EC067C54722}.Debug|Any CPU.Build.0 = Debug|Any CPU
		{9A39F4C1-647C-4AF3-87FE-0EC067C54722}.Release|Any CPU.ActiveCfg = Release|Any CPU
		{9A39F4C1-647C-4AF3-87FE-0EC067C54722}.Release|Any CPU.Build.0 = Release|Any CPU
		{61C3BDDF-DED8-4D67-8450-FCC8F2345FF6}.Debug|Any CPU.ActiveCfg = Debug|Any CPU
		{61C3BDDF-DED8-4D67-8450-FCC8F2345FF6}.Debug|Any CPU.Build.0 = Debug|Any CPU
		{61C3BDDF-DED8-4D67-8450-FCC8F2345FF6}.Release|Any CPU.ActiveCfg = Release|Any CPU
		{61C3BDDF-DED8-4D67-8450-FCC8F2345FF6}.Release|Any CPU.Build.0 = Release|Any CPU
		{D922FDFD-8712-4E22-AA8A-9C05E43737BC}.Debug|Any CPU.ActiveCfg = Debug|Any CPU
		{D922FDFD-8712-4E22-AA8A-9C05E43737BC}.Debug|Any CPU.Build.0 = Debug|Any CPU
		{D922FDFD-8712-4E22-AA8A-9C05E43737BC}.Release|Any CPU.ActiveCfg = Release|Any CPU
		{D922FDFD-8712-4E22-AA8A-9C05E43737BC}.Release|Any CPU.Build.0 = Release|Any CPU
	EndGlobalSection
	GlobalSection(SolutionProperties) = preSolution
		HideSolutionNode = FALSE
	EndGlobalSection
	GlobalSection(ExtensibilityGlobals) = postSolution
		SolutionGuid = {BBA29702-868E-4D3A-A3F5-CF7BCC9CEA9C}
	EndGlobalSection
EndGlobal
